# This file was autogenerated by Stack.
# You should not edit this file by hand.
# For more information, please see the documentation at:
#   https://docs.haskellstack.org/en/stable/lock_files

packages: []
snapshots:
- completed:
    sha256: 7b31bbeee436dd84cc9b06c736be3ebfddc18dfc1193a8e19b6ddcc84bfb4b3e
    size: 556888
    url: https://raw.githubusercontent.com/commercialhaskell/stackage-snapshots/master/nightly/2024/1/16.yaml
  original: nightly-2024-01-16
